
Microsoft Visual Studio Solution File, Format Version 12.00
# Visual Studio Version 17
VisualStudioVersion = 17.4.33122.133
MinimumVisualStudioVersion = 10.0.40219.1
Project("{FAE04EC0-301F-11D3-BF4B-00C04F79EFBC}") = "C969 Isabella Grigolla", "C969 Isabella Grigolla.csproj", "{6B75FFF1-9712-4FE8-85FA-B4749F4E8EA6}"
EndProject
Global
	GlobalSection(SolutionConfigurationPlatforms) = preSolution
		Debug|Any CPU = Debug|Any CPU
		Release|Any CPU = Release|Any CPU
	EndGlobalSection
	GlobalSection(ProjectConfigurationPlatforms) = postSolution
		{6B75FFF1-9712-4FE8-85FA-B4749F4E8EA6}.Debug|Any CPU.ActiveCfg = Debug|Any CPU
		{6B75FFF1-9712-4FE8-85FA-B4749F4E8EA6}.Debug|Any CPU.Build.0 = Debug|Any CPU
		{6B75FFF1-9712-4FE8-85FA-B4749F4E8EA6}.Release|Any CPU.ActiveCfg = Release|Any CPU
		{6B75FFF1-9712-4FE8-85FA-B4749F4E8EA6}.Release|Any CPU.Build.0 = Release|Any CPU
	EndGlobalSection
	GlobalSection(SolutionProperties) = preSolution
		HideSolutionNode = FALSE
	EndGlobalSection
	GlobalSection(ExtensibilityGlobals) = postSolution
		SolutionGuid = {B6FF5C43-DFAF-4076-940B-D6EE08BB81CA}
	EndGlobalSection
EndGlobal
